<?xml version="1.0" encoding="utf-8"?>
<Project ToolsVersion="4.0" xmlns="http://schemas.microsoft.com/developer/msbuild/2003">
  <ItemGroup>
    <Filter Include="App">
      <UniqueIdentifier>{9D3C5E21-7A4B-4F16-B8E2-3C1A6D5F9B07}</UniqueIdentifier>
    </Filter>
    <Filter Include="Core">
      <UniqueIdentifier>{2F8B6A43-1E5D-4C79-A3B1-7E4D2C9F6A18}</UniqueIdentifier>
    </Filter>
    <Filter Include="Graphics">
      <UniqueIdentifier>{7C4E1A9B-5D3F-4B28-9E6A-1F8D3C5B7A42}</UniqueIdentifier>
    </Filter>
    <Filter Include="Utility">
      <UniqueIdentifier>{C3E81B5A-2F6D-4A97-8B14-6D9E0A7C5F32}</UniqueIdentifier>
    </Filter>
  </ItemGroup>
  <ItemGroup>
    <ClCompile Include="Source\Main.cpp" />
    <ClCompile Include="Source\App\FApplication.cpp">
      <Filter>App</Filter>
    </ClCompile>
    <ClCompile Include="Source\Core\FInput.cpp">
      <Filter>Core</Filter>
    </ClCompile>
    <ClCompile Include="Source\Core\FSystem.cpp">
      <Filter>Core</Filter>
    </ClCompile>
    <ClCompile Include="Source\Core\FWindow.cpp">
      <Filter>Core</Filter>
    </ClCompile>
    <ClCompile Include="Source\Graphics\FD3D11Graphics.cpp">
      <Filter>Graphics</Filter>
    </ClCompile>
    <ClCompile Include="Source\Utility\Check.cpp">
      <Filter>Utility</Filter>
    </ClCompile>
    <ClCompile Include="Source\Utility\FLog.cpp">
      <Filter>Utility</Filter>
    </ClCompile>
  </ItemGroup>
  <ItemGroup>
    <ClInclude Include="Source\App\FApplication.h">
      <Filter>App</Filter>
    </ClInclude>
    <ClInclude Include="Source\Core\FDisplaySettings.h">
      <Filter>Core</Filter>
    </ClInclude>
    <ClInclude Include="Source\Core\FInput.h">
      <Filter>Core</Filter>
    </ClInclude>
    <ClInclude Include="Source\Core\FSystem.h">
      <Filter>Core</Filter>
    </ClInclude>
    <ClInclude Include="Source\Core\FWindow.h">
      <Filter>Core</Filter>
    </ClInclude>
    <ClInclude Include="Source\Graphics\FD3D11Graphics.h">
      <Filter>Graphics</Filter>
    </ClInclude>
    <ClInclude Include="Source\Utility\Check.h">
      <Filter>Utility</Filter>
    </ClInclude>
    <ClInclude Include="Source\Utility\FLog.h">
      <Filter>Utility</Filter>
    </ClInclude>
    <ClInclude Include="Source\Utility\TSingleton.h">
      <Filter>Utility</Filter>
    </ClInclude>
  </ItemGroup>
  <ItemGroup>
    <None Include="DxRenderDojo.manifest" />
    <None Include="DxRenderDojo.rc" />
  </ItemGroup>
</Project>
